
Microsoft Visual Studio Solution File, Format Version 12.00
# Visual Studio 15
VisualStudioVersion = 15.0.28307.106
MinimumVisualStudioVersion = 10.0.40219.1
Project("{FAE04EC0-301F-11D3-BF4B-00C04F79EFBC}") = "Sammak.SandBox", "Sammak.SandBox\Sammak.SandBox.csproj", "{3E6BFB47-4D7F-4ACA-A548-B486ED58E8EE}"
EndProject
Project("{9A19103F-16F7-4668-BE54-9A1E7A4F7556}") = "Sammak.Core.Common", "..\Sammak.Core.Common\Sammak.Core.Common\Sammak.Core.Common.csproj", "{8411B463-DB6A-4FBF-88EF-45D08B709EB7}"
EndProject
Project("{FAE04EC0-301F-11D3-BF4B-00C04F79EFBC}") = "Sammak.SandBox.Tests", "Sammak.SandBox.Tests\Sammak.SandBox.Tests.csproj", "{765F00D7-06A4-4178-A3A5-333DE279B7FB}"
EndProject
Global
	GlobalSection(SolutionConfigurationPlatforms) = preSolution
		Debug|Any CPU = Debug|Any CPU
		Release|Any CPU = Release|Any CPU
	EndGlobalSection
	GlobalSection(ProjectConfigurationPlatforms) = postSolution
		{3E6BFB47-4D7F-4ACA-A548-B486ED58E8EE}.Debug|Any CPU.ActiveCfg = Debug|Any CPU
		{3E6BFB47-4D7F-4ACA-A548-B486ED58E8EE}.Debug|Any CPU.Build.0 = Debug|Any CPU
		{3E6BFB47-4D7F-4ACA-A548-B486ED58E8EE}.Release|Any CPU.ActiveCfg = Release|Any CPU
		{3E6BFB47-4D7F-4ACA-A548-B486ED58E8EE}.Release|Any CPU.Build.0 = Release|Any CPU
		{8411B463-DB6A-4FBF-88EF-45D08B709EB7}.Debug|Any CPU.ActiveCfg = Debug|Any CPU
		{8411B463-DB6A-4FBF-88EF-45D08B709EB7}.Debug|Any CPU.Build.0 = Debug|Any CPU
		{8411B463-DB6A-4FBF-88EF-45D08B709EB7}.Release|Any CPU.ActiveCfg = Release|Any CPU
		{8411B463-DB6A-4FBF-88EF-45D08B709EB7}.Release|Any CPU.Build.0 = Release|Any CPU
		{765F00D7-06A4-4178-A3A5-333DE279B7FB}.Debug|Any CPU.ActiveCfg = Debug|Any CPU
		{765F00D7-06A4-4178-A3A5-333DE279B7FB}.Debug|Any CPU.Build.0 = Debug|Any CPU
		{765F00D7-06A4-4178-A3A5-333DE279B7FB}.Release|Any CPU.ActiveCfg = Release|Any CPU
		{765F00D7-06A4-4178-A3A5-333DE279B7FB}.Release|Any CPU.Build.0 = Release|Any CPU
	EndGlobalSection
	GlobalSection(SolutionProperties) = preSolution
		HideSolutionNode = FALSE
	EndGlobalSection
	GlobalSection(ExtensibilityGlobals) = postSolution
		SolutionGuid = {D40B07D3-3A4A-40EE-9AA3-1C21A203525F}
	EndGlobalSection
EndGlobal
